
Microsoft Visual Studio Solution File, Format Version 12.00
# Visual Studio Version 17
VisualStudioVersion = 17.6.33829.357
MinimumVisualStudioVersion = 10.0.40219.1
Project("{FAE04EC0-301F-11D3-BF4B-00C04F79EFBC}") = "Projeto de C Sharp", "Projeto de C Sharp\Projeto de C Sharp.csproj", "{AF6389B3-046E-4BA7-9D68-F06D636BE2C8}"
EndProject
Global
	GlobalSection(SolutionConfigurationPlatforms) = preSolution
		Debug|Any CPU = Debug|Any CPU
		Release|Any CPU = Release|Any CPU
	EndGlobalSection
	GlobalSection(ProjectConfigurationPlatforms) = postSolution
		{AF6389B3-046E-4BA7-9D68-F06D636BE2C8}.Debug|Any CPU.ActiveCfg = Debug|Any CPU
		{AF6389B3-046E-4BA7-9D68-F06D636BE2C8}.Debug|Any CPU.Build.0 = Debug|Any CPU
		{AF6389B3-046E-4BA7-9D68-F06D636BE2C8}.Release|Any CPU.ActiveCfg = Release|Any CPU
		{AF6389B3-046E-4BA7-9D68-F06D636BE2C8}.Release|Any CPU.Build.0 = Release|Any CPU
	EndGlobalSection
	GlobalSection(SolutionProperties) = preSolution
		HideSolutionNode = FALSE
	EndGlobalSection
	GlobalSection(ExtensibilityGlobals) = postSolution
		SolutionGuid = {231E93F4-A9C1-4AB7-81D3-E437EAC72A1D}
	EndGlobalSection
EndGlobal
